
Microsoft Visual Studio Solution File, Format Version 10.00
# Visual Studio 2008
Project("{2150E333-8FDC-42A3-9474-1A3956D46DE8}") = "StandardMode", "StandardMode", "{8347ABFC-5B5C-4CE9-9FCD-D3B514B6C3C0}"
	ProjectSection(SolutionItems) = preProject
		StandardMode\calculator.operators.js = StandardMode\calculator.operators.js
		StandardMode\calculator.standardMode.js = StandardMode\calculator.standardMode.js
		StandardMode\calculator.utility.js = StandardMode\calculator.utility.js
		StandardMode\StandardMode.html = StandardMode\StandardMode.html
	EndProjectSection
EndProject
Project("{2150E333-8FDC-42A3-9474-1A3956D46DE8}") = "Resources", "Resources", "{CBBF0E66-C607-4984-95A7-2919271A0CF3}"
EndProject
Global
	GlobalSection(SolutionProperties) = preSolution
		HideSolutionNode = FALSE
	EndGlobalSection
EndGlobal
